dependencies:
- name: postgresql
  repository: https://charts.bitnami.com/bitnami
  version: 9.8.4
- name: prometheus-operator
  repository: https://kubernetes-charts.storage.googleapis.com
  version: 9.3.2
- name: nginx-ingress
  repository: https://kubernetes-charts.storage.googleapis.com
  version: 1.41.2
- name: prometheus-postgres-exporter
  repository: https://kubernetes-charts.storage.googleapis.com
  version: 1.3.0
digest: sha256:b0b6f67bcd1a970bc703fac459d67de5dbb682d1052a5859ea091489689d9e34
generated: "2020-10-17T22:48:41.887044458+03:00"
